
Microsoft Visual Studio Solution File, Format Version 12.00
# Visual Studio Version 17
VisualStudioVersion = 17.5.33530.505
MinimumVisualStudioVersion = 10.0.40219.1
Project("{9A19103F-16F7-4668-BE54-9A1E7A4F7556}") = "BreastWise", "BreastWise\BreastWise.csproj", "{F6773E1B-A020-4982-9127-BE03229B240C}"
EndProject
Global
	GlobalSection(SolutionConfigurationPlatforms) = preSolution
		Debug|Any CPU = Debug|Any CPU
		Release|Any CPU = Release|Any CPU
	EndGlobalSection
	GlobalSection(ProjectConfigurationPlatforms) = postSolution
		{F6773E1B-A020-4982-9127-BE03229B240C}.Debug|Any CPU.ActiveCfg = Debug|Any CPU
		{F6773E1B-A020-4982-9127-BE03229B240C}.Debug|Any CPU.Build.0 = Debug|Any CPU
		{F6773E1B-A020-4982-9127-BE03229B240C}.Release|Any CPU.ActiveCfg = Release|Any CPU
		{F6773E1B-A020-4982-9127-BE03229B240C}.Release|Any CPU.Build.0 = Release|Any CPU
	EndGlobalSection
	GlobalSection(SolutionProperties) = preSolution
		HideSolutionNode = FALSE
	EndGlobalSection
	GlobalSection(ExtensibilityGlobals) = postSolution
		SolutionGuid = {29D7CF1A-A195-4D6C-B6E6-C335D9DD3801}
	EndGlobalSection
EndGlobal
